
Microsoft Visual Studio Solution File, Format Version 12.00
# Visual Studio Version 16
VisualStudioVersion = 16.0.33801.447
MinimumVisualStudioVersion = 10.0.40219.1
Project("{FAE04EC0-301F-11D3-BF4B-00C04F79EFBC}") = "ExcelProject2", "ExcelProject2\ExcelProject2.csproj", "{FE29A502-3030-4E2E-82FB-BADB94146339}"
EndProject
Global
	GlobalSection(SolutionConfigurationPlatforms) = preSolution
		Debug|Any CPU = Debug|Any CPU
		Release|Any CPU = Release|Any CPU
	EndGlobalSection
	GlobalSection(ProjectConfigurationPlatforms) = postSolution
		{FE29A502-3030-4E2E-82FB-BADB94146339}.Debug|Any CPU.ActiveCfg = Debug|Any CPU
		{FE29A502-3030-4E2E-82FB-BADB94146339}.Debug|Any CPU.Build.0 = Debug|Any CPU
		{FE29A502-3030-4E2E-82FB-BADB94146339}.Release|Any CPU.ActiveCfg = Release|Any CPU
		{FE29A502-3030-4E2E-82FB-BADB94146339}.Release|Any CPU.Build.0 = Release|Any CPU
	EndGlobalSection
	GlobalSection(SolutionProperties) = preSolution
		HideSolutionNode = FALSE
	EndGlobalSection
	GlobalSection(ExtensibilityGlobals) = postSolution
		SolutionGuid = {29D82720-1674-4EF7-B882-11BA22A4AC69}
	EndGlobalSection
EndGlobal
